
Microsoft Visual Studio Solution File, Format Version 12.00
# Visual Studio Version 16
VisualStudioVersion = 16.0.31729.503
MinimumVisualStudioVersion = 10.0.40219.1
Project("{FAE04EC0-301F-11D3-BF4B-00C04F79EFBC}") = "Задание 01", "Задание 01\Задание 01.csproj", "{02BFD920-DA38-4E24-8582-20E6D5AB2E68}"
EndProject
Global
	GlobalSection(SolutionConfigurationPlatforms) = preSolution
		Debug|Any CPU = Debug|Any CPU
		Release|Any CPU = Release|Any CPU
	EndGlobalSection
	GlobalSection(ProjectConfigurationPlatforms) = postSolution
		{02BFD920-DA38-4E24-8582-20E6D5AB2E68}.Debug|Any CPU.ActiveCfg = Debug|Any CPU
		{02BFD920-DA38-4E24-8582-20E6D5AB2E68}.Debug|Any CPU.Build.0 = Debug|Any CPU
		{02BFD920-DA38-4E24-8582-20E6D5AB2E68}.Release|Any CPU.ActiveCfg = Release|Any CPU
		{02BFD920-DA38-4E24-8582-20E6D5AB2E68}.Release|Any CPU.Build.0 = Release|Any CPU
	EndGlobalSection
	GlobalSection(SolutionProperties) = preSolution
		HideSolutionNode = FALSE
	EndGlobalSection
	GlobalSection(ExtensibilityGlobals) = postSolution
		SolutionGuid = {26D9D596-2C1A-4F96-98BC-B64E5E9FD12F}
	EndGlobalSection
EndGlobal
